# THIS IS AN AUTOGENERATED FILE. DO NOT EDIT THIS FILE DIRECTLY.
# yarn lockfile v1


bloomfilter@^0.0.18:
  version "0.0.18"
  resolved "https://registry.yarnpkg.com/bloomfilter/-/bloomfilter-0.0.18.tgz#6d55d34f0a214b235287b4eac9203ac623413dab"
  integrity sha512-CbnyHE78gY1tpXS/Ap+B0RJxKdRWCDzjBnX97UJSG8rdLv1PK8GiTWc/CCQyWu6PWVD4lUceeFrqC6Mf3nMgOA==
